
Microsoft Visual Studio Solution File, Format Version 12.00
# Visual Studio 15
VisualStudioVersion = 15.0.28010.2036
MinimumVisualStudioVersion = 10.0.40219.1
Project("{FAE04EC0-301F-11D3-BF4B-00C04F79EFBC}") = "ExemploWebApi", "ExemploWebApi\ExemploWebApi.csproj", "{F302F82B-64BD-428C-98D9-ABBA24219FEF}"
EndProject
Global
	GlobalSection(SolutionConfigurationPlatforms) = preSolution
		Debug|Any CPU = Debug|Any CPU
		Release|Any CPU = Release|Any CPU
	EndGlobalSection
	GlobalSection(ProjectConfigurationPlatforms) = postSolution
		{F302F82B-64BD-428C-98D9-ABBA24219FEF}.Debug|Any CPU.ActiveCfg = Debug|Any CPU
		{F302F82B-64BD-428C-98D9-ABBA24219FEF}.Debug|Any CPU.Build.0 = Debug|Any CPU
		{F302F82B-64BD-428C-98D9-ABBA24219FEF}.Release|Any CPU.ActiveCfg = Release|Any CPU
		{F302F82B-64BD-428C-98D9-ABBA24219FEF}.Release|Any CPU.Build.0 = Release|Any CPU
	EndGlobalSection
	GlobalSection(SolutionProperties) = preSolution
		HideSolutionNode = FALSE
	EndGlobalSection
	GlobalSection(ExtensibilityGlobals) = postSolution
		SolutionGuid = {C04C1271-2D98-4EB4-9B76-A30B4205B9F8}
	EndGlobalSection
EndGlobal
